
Microsoft Visual Studio Solution File, Format Version 12.00
# Visual Studio Version 17
VisualStudioVersion = 17.0.31903.59
MinimumVisualStudioVersion = 10.0.40219.1
Project("{2150E333-8FDC-42A3-9474-1A3956D46DE8}") = "src", "src", "{827E0CD3-B72D-47B6-A68D-7590B98EB39B}"
EndProject
Project("{F2A71F9B-5D33-465A-A702-920D77279786}") = "Lyric.Lexer", "src\Lyric.Lexer\Lyric.Lexer.fsproj", "{C3C6F9F6-4B0B-4219-AC86-39B3715340B2}"
EndProject
Project("{F2A71F9B-5D33-465A-A702-920D77279786}") = "Lyric.Lexer.Tests", "tests\Lyric.Lexer.Tests\Lyric.Lexer.Tests.fsproj", "{D816D5AB-1929-49A6-8A2B-F51F76E643A4}"
EndProject
Project("{2150E333-8FDC-42A3-9474-1A3956D46DE8}") = "tests", "tests", "{0AB3BF05-4346-4AA6-1389-037BE0695223}"
EndProject
Project("{F2A71F9B-5D33-465A-A702-920D77279786}") = "Lyric.Parser", "src\Lyric.Parser\Lyric.Parser.fsproj", "{136E3745-48C4-480E-BD37-395D4DB83C1B}"
EndProject
Project("{F2A71F9B-5D33-465A-A702-920D77279786}") = "Lyric.Parser.Tests", "tests\Lyric.Parser.Tests\Lyric.Parser.Tests.fsproj", "{93DF9B32-FFA2-407D-81B2-3025188A5005}"
EndProject
Project("{F2A71F9B-5D33-465A-A702-920D77279786}") = "Lyric.TypeChecker", "src\Lyric.TypeChecker\Lyric.TypeChecker.fsproj", "{2FA38E1A-D879-431E-A362-38B0ED6F4FDF}"
EndProject
Project("{F2A71F9B-5D33-465A-A702-920D77279786}") = "Lyric.TypeChecker.Tests", "tests\Lyric.TypeChecker.Tests\Lyric.TypeChecker.Tests.fsproj", "{D1CC7130-823E-4363-B6EF-3D44A37BCAE4}"
EndProject
Project("{F2A71F9B-5D33-465A-A702-920D77279786}") = "Lyric.Stdlib", "src\Lyric.Stdlib\Lyric.Stdlib.fsproj", "{543A5D22-220C-42FB-B29D-1B71C47696DD}"
EndProject
Project("{F2A71F9B-5D33-465A-A702-920D77279786}") = "Lyric.Emitter", "src\Lyric.Emitter\Lyric.Emitter.fsproj", "{F2F4DB43-8776-4BCD-B31C-4726CE5D747F}"
EndProject
Project("{F2A71F9B-5D33-465A-A702-920D77279786}") = "Lyric.Emitter.Tests", "tests\Lyric.Emitter.Tests\Lyric.Emitter.Tests.fsproj", "{757E44F2-C7C7-4D55-8D17-D3662CA33B93}"
EndProject
Project("{F2A71F9B-5D33-465A-A702-920D77279786}") = "Lyric.Cli", "src\Lyric.Cli\Lyric.Cli.fsproj", "{AA7A8D82-F431-485F-B907-7D62F6F0C6CA}"
EndProject
Global
	GlobalSection(SolutionConfigurationPlatforms) = preSolution
		Debug|Any CPU = Debug|Any CPU
		Debug|x64 = Debug|x64
		Debug|x86 = Debug|x86
		Release|Any CPU = Release|Any CPU
		Release|x64 = Release|x64
		Release|x86 = Release|x86
	EndGlobalSection
	GlobalSection(ProjectConfigurationPlatforms) = postSolution
		{C3C6F9F6-4B0B-4219-AC86-39B3715340B2}.Debug|Any CPU.ActiveCfg = Debug|Any CPU
		{C3C6F9F6-4B0B-4219-AC86-39B3715340B2}.Debug|Any CPU.Build.0 = Debug|Any CPU
		{C3C6F9F6-4B0B-4219-AC86-39B3715340B2}.Debug|x64.ActiveCfg = Debug|Any CPU
		{C3C6F9F6-4B0B-4219-AC86-39B3715340B2}.Debug|x64.Build.0 = Debug|Any CPU
		{C3C6F9F6-4B0B-4219-AC86-39B3715340B2}.Debug|x86.ActiveCfg = Debug|Any CPU
		{C3C6F9F6-4B0B-4219-AC86-39B3715340B2}.Debug|x86.Build.0 = Debug|Any CPU
		{C3C6F9F6-4B0B-4219-AC86-39B3715340B2}.Release|Any CPU.ActiveCfg = Release|Any CPU
		{C3C6F9F6-4B0B-4219-AC86-39B3715340B2}.Release|Any CPU.Build.0 = Release|Any CPU
		{C3C6F9F6-4B0B-4219-AC86-39B3715340B2}.Release|x64.ActiveCfg = Release|Any CPU
		{C3C6F9F6-4B0B-4219-AC86-39B3715340B2}.Release|x64.Build.0 = Release|Any CPU
		{C3C6F9F6-4B0B-4219-AC86-39B3715340B2}.Release|x86.ActiveCfg = Release|Any CPU
		{C3C6F9F6-4B0B-4219-AC86-39B3715340B2}.Release|x86.Build.0 = Release|Any CPU
		{D816D5AB-1929-49A6-8A2B-F51F76E643A4}.Debug|Any CPU.ActiveCfg = Debug|Any CPU
		{D816D5AB-1929-49A6-8A2B-F51F76E643A4}.Debug|Any CPU.Build.0 = Debug|Any CPU
		{D816D5AB-1929-49A6-8A2B-F51F76E643A4}.Debug|x64.ActiveCfg = Debug|Any CPU
		{D816D5AB-1929-49A6-8A2B-F51F76E643A4}.Debug|x64.Build.0 = Debug|Any CPU
		{D816D5AB-1929-49A6-8A2B-F51F76E643A4}.Debug|x86.ActiveCfg = Debug|Any CPU
		{D816D5AB-1929-49A6-8A2B-F51F76E643A4}.Debug|x86.Build.0 = Debug|Any CPU
		{D816D5AB-1929-49A6-8A2B-F51F76E643A4}.Release|Any CPU.ActiveCfg = Release|Any CPU
		{D816D5AB-1929-49A6-8A2B-F51F76E643A4}.Release|Any CPU.Build.0 = Release|Any CPU
		{D816D5AB-1929-49A6-8A2B-F51F76E643A4}.Release|x64.ActiveCfg = Release|Any CPU
		{D816D5AB-1929-49A6-8A2B-F51F76E643A4}.Release|x64.Build.0 = Release|Any CPU
		{D816D5AB-1929-49A6-8A2B-F51F76E643A4}.Release|x86.ActiveCfg = Release|Any CPU
		{D816D5AB-1929-49A6-8A2B-F51F76E643A4}.Release|x86.Build.0 = Release|Any CPU
		{136E3745-48C4-480E-BD37-395D4DB83C1B}.Debug|Any CPU.ActiveCfg = Debug|Any CPU
		{136E3745-48C4-480E-BD37-395D4DB83C1B}.Debug|Any CPU.Build.0 = Debug|Any CPU
		{136E3745-48C4-480E-BD37-395D4DB83C1B}.Debug|x64.ActiveCfg = Debug|Any CPU
		{136E3745-48C4-480E-BD37-395D4DB83C1B}.Debug|x64.Build.0 = Debug|Any CPU
		{136E3745-48C4-480E-BD37-395D4DB83C1B}.Debug|x86.ActiveCfg = Debug|Any CPU
		{136E3745-48C4-480E-BD37-395D4DB83C1B}.Debug|x86.Build.0 = Debug|Any CPU
		{136E3745-48C4-480E-BD37-395D4DB83C1B}.Release|Any CPU.ActiveCfg = Release|Any CPU
		{136E3745-48C4-480E-BD37-395D4DB83C1B}.Release|Any CPU.Build.0 = Release|Any CPU
		{136E3745-48C4-480E-BD37-395D4DB83C1B}.Release|x64.ActiveCfg = Release|Any CPU
		{136E3745-48C4-480E-BD37-395D4DB83C1B}.Release|x64.Build.0 = Release|Any CPU
		{136E3745-48C4-480E-BD37-395D4DB83C1B}.Release|x86.ActiveCfg = Release|Any CPU
		{136E3745-48C4-480E-BD37-395D4DB83C1B}.Release|x86.Build.0 = Release|Any CPU
		{93DF9B32-FFA2-407D-81B2-3025188A5005}.Debug|Any CPU.ActiveCfg = Debug|Any CPU
		{93DF9B32-FFA2-407D-81B2-3025188A5005}.Debug|Any CPU.Build.0 = Debug|Any CPU
		{93DF9B32-FFA2-407D-81B2-3025188A5005}.Debug|x64.ActiveCfg = Debug|Any CPU
		{93DF9B32-FFA2-407D-81B2-3025188A5005}.Debug|x64.Build.0 = Debug|Any CPU
		{93DF9B32-FFA2-407D-81B2-3025188A5005}.Debug|x86.ActiveCfg = Debug|Any CPU
		{93DF9B32-FFA2-407D-81B2-3025188A5005}.Debug|x86.Build.0 = Debug|Any CPU
		{93DF9B32-FFA2-407D-81B2-3025188A5005}.Release|Any CPU.ActiveCfg = Release|Any CPU
		{93DF9B32-FFA2-407D-81B2-3025188A5005}.Release|Any CPU.Build.0 = Release|Any CPU
		{93DF9B32-FFA2-407D-81B2-3025188A5005}.Release|x64.ActiveCfg = Release|Any CPU
		{93DF9B32-FFA2-407D-81B2-3025188A5005}.Release|x64.Build.0 = Release|Any CPU
		{93DF9B32-FFA2-407D-81B2-3025188A5005}.Release|x86.ActiveCfg = Release|Any CPU
		{93DF9B32-FFA2-407D-81B2-3025188A5005}.Release|x86.Build.0 = Release|Any CPU
		{2FA38E1A-D879-431E-A362-38B0ED6F4FDF}.Debug|Any CPU.ActiveCfg = Debug|Any CPU
		{2FA38E1A-D879-431E-A362-38B0ED6F4FDF}.Debug|Any CPU.Build.0 = Debug|Any CPU
		{2FA38E1A-D879-431E-A362-38B0ED6F4FDF}.Debug|x64.ActiveCfg = Debug|Any CPU
		{2FA38E1A-D879-431E-A362-38B0ED6F4FDF}.Debug|x64.Build.0 = Debug|Any CPU
		{2FA38E1A-D879-431E-A362-38B0ED6F4FDF}.Debug|x86.ActiveCfg = Debug|Any CPU
		{2FA38E1A-D879-431E-A362-38B0ED6F4FDF}.Debug|x86.Build.0 = Debug|Any CPU
		{2FA38E1A-D879-431E-A362-38B0ED6F4FDF}.Release|Any CPU.ActiveCfg = Release|Any CPU
		{2FA38E1A-D879-431E-A362-38B0ED6F4FDF}.Release|Any CPU.Build.0 = Release|Any CPU
		{2FA38E1A-D879-431E-A362-38B0ED6F4FDF}.Release|x64.ActiveCfg = Release|Any CPU
		{2FA38E1A-D879-431E-A362-38B0ED6F4FDF}.Release|x64.Build.0 = Release|Any CPU
		{2FA38E1A-D879-431E-A362-38B0ED6F4FDF}.Release|x86.ActiveCfg = Release|Any CPU
		{2FA38E1A-D879-431E-A362-38B0ED6F4FDF}.Release|x86.Build.0 = Release|Any CPU
		{D1CC7130-823E-4363-B6EF-3D44A37BCAE4}.Debug|Any CPU.ActiveCfg = Debug|Any CPU
		{D1CC7130-823E-4363-B6EF-3D44A37BCAE4}.Debug|Any CPU.Build.0 = Debug|Any CPU
		{D1CC7130-823E-4363-B6EF-3D44A37BCAE4}.Debug|x64.ActiveCfg = Debug|Any CPU
		{D1CC7130-823E-4363-B6EF-3D44A37BCAE4}.Debug|x64.Build.0 = Debug|Any CPU
		{D1CC7130-823E-4363-B6EF-3D44A37BCAE4}.Debug|x86.ActiveCfg = Debug|Any CPU
		{D1CC7130-823E-4363-B6EF-3D44A37BCAE4}.Debug|x86.Build.0 = Debug|Any CPU
		{D1CC7130-823E-4363-B6EF-3D44A37BCAE4}.Release|Any CPU.ActiveCfg = Release|Any CPU
		{D1CC7130-823E-4363-B6EF-3D44A37BCAE4}.Release|Any CPU.Build.0 = Release|Any CPU
		{D1CC7130-823E-4363-B6EF-3D44A37BCAE4}.Release|x64.ActiveCfg = Release|Any CPU
		{D1CC7130-823E-4363-B6EF-3D44A37BCAE4}.Release|x64.Build.0 = Release|Any CPU
		{D1CC7130-823E-4363-B6EF-3D44A37BCAE4}.Release|x86.ActiveCfg = Release|Any CPU
		{D1CC7130-823E-4363-B6EF-3D44A37BCAE4}.Release|x86.Build.0 = Release|Any CPU
		{543A5D22-220C-42FB-B29D-1B71C47696DD}.Debug|Any CPU.ActiveCfg = Debug|Any CPU
		{543A5D22-220C-42FB-B29D-1B71C47696DD}.Debug|Any CPU.Build.0 = Debug|Any CPU
		{543A5D22-220C-42FB-B29D-1B71C47696DD}.Debug|x64.ActiveCfg = Debug|Any CPU
		{543A5D22-220C-42FB-B29D-1B71C47696DD}.Debug|x64.Build.0 = Debug|Any CPU
		{543A5D22-220C-42FB-B29D-1B71C47696DD}.Debug|x86.ActiveCfg = Debug|Any CPU
		{543A5D22-220C-42FB-B29D-1B71C47696DD}.Debug|x86.Build.0 = Debug|Any CPU
		{543A5D22-220C-42FB-B29D-1B71C47696DD}.Release|Any CPU.ActiveCfg = Release|Any CPU
		{543A5D22-220C-42FB-B29D-1B71C47696DD}.Release|Any CPU.Build.0 = Release|Any CPU
		{543A5D22-220C-42FB-B29D-1B71C47696DD}.Release|x64.ActiveCfg = Release|Any CPU
		{543A5D22-220C-42FB-B29D-1B71C47696DD}.Release|x64.Build.0 = Release|Any CPU
		{543A5D22-220C-42FB-B29D-1B71C47696DD}.Release|x86.ActiveCfg = Release|Any CPU
		{543A5D22-220C-42FB-B29D-1B71C47696DD}.Release|x86.Build.0 = Release|Any CPU
		{F2F4DB43-8776-4BCD-B31C-4726CE5D747F}.Debug|Any CPU.ActiveCfg = Debug|Any CPU
		{F2F4DB43-8776-4BCD-B31C-4726CE5D747F}.Debug|Any CPU.Build.0 = Debug|Any CPU
		{F2F4DB43-8776-4BCD-B31C-4726CE5D747F}.Debug|x64.ActiveCfg = Debug|Any CPU
		{F2F4DB43-8776-4BCD-B31C-4726CE5D747F}.Debug|x64.Build.0 = Debug|Any CPU
		{F2F4DB43-8776-4BCD-B31C-4726CE5D747F}.Debug|x86.ActiveCfg = Debug|Any CPU
		{F2F4DB43-8776-4BCD-B31C-4726CE5D747F}.Debug|x86.Build.0 = Debug|Any CPU
		{F2F4DB43-8776-4BCD-B31C-4726CE5D747F}.Release|Any CPU.ActiveCfg = Release|Any CPU
		{F2F4DB43-8776-4BCD-B31C-4726CE5D747F}.Release|Any CPU.Build.0 = Release|Any CPU
		{F2F4DB43-8776-4BCD-B31C-4726CE5D747F}.Release|x64.ActiveCfg = Release|Any CPU
		{F2F4DB43-8776-4BCD-B31C-4726CE5D747F}.Release|x64.Build.0 = Release|Any CPU
		{F2F4DB43-8776-4BCD-B31C-4726CE5D747F}.Release|x86.ActiveCfg = Release|Any CPU
		{F2F4DB43-8776-4BCD-B31C-4726CE5D747F}.Release|x86.Build.0 = Release|Any CPU
		{757E44F2-C7C7-4D55-8D17-D3662CA33B93}.Debug|Any CPU.ActiveCfg = Debug|Any CPU
		{757E44F2-C7C7-4D55-8D17-D3662CA33B93}.Debug|Any CPU.Build.0 = Debug|Any CPU
		{757E44F2-C7C7-4D55-8D17-D3662CA33B93}.Debug|x64.ActiveCfg = Debug|Any CPU
		{757E44F2-C7C7-4D55-8D17-D3662CA33B93}.Debug|x64.Build.0 = Debug|Any CPU
		{757E44F2-C7C7-4D55-8D17-D3662CA33B93}.Debug|x86.ActiveCfg = Debug|Any CPU
		{757E44F2-C7C7-4D55-8D17-D3662CA33B93}.Debug|x86.Build.0 = Debug|Any CPU
		{757E44F2-C7C7-4D55-8D17-D3662CA33B93}.Release|Any CPU.ActiveCfg = Release|Any CPU
		{757E44F2-C7C7-4D55-8D17-D3662CA33B93}.Release|Any CPU.Build.0 = Release|Any CPU
		{757E44F2-C7C7-4D55-8D17-D3662CA33B93}.Release|x64.ActiveCfg = Release|Any CPU
		{757E44F2-C7C7-4D55-8D17-D3662CA33B93}.Release|x64.Build.0 = Release|Any CPU
		{757E44F2-C7C7-4D55-8D17-D3662CA33B93}.Release|x86.ActiveCfg = Release|Any CPU
		{757E44F2-C7C7-4D55-8D17-D3662CA33B93}.Release|x86.Build.0 = Release|Any CPU
		{AA7A8D82-F431-485F-B907-7D62F6F0C6CA}.Debug|Any CPU.ActiveCfg = Debug|Any CPU
		{AA7A8D82-F431-485F-B907-7D62F6F0C6CA}.Debug|Any CPU.Build.0 = Debug|Any CPU
		{AA7A8D82-F431-485F-B907-7D62F6F0C6CA}.Debug|x64.ActiveCfg = Debug|Any CPU
		{AA7A8D82-F431-485F-B907-7D62F6F0C6CA}.Debug|x64.Build.0 = Debug|Any CPU
		{AA7A8D82-F431-485F-B907-7D62F6F0C6CA}.Debug|x86.ActiveCfg = Debug|Any CPU
		{AA7A8D82-F431-485F-B907-7D62F6F0C6CA}.Debug|x86.Build.0 = Debug|Any CPU
		{AA7A8D82-F431-485F-B907-7D62F6F0C6CA}.Release|Any CPU.ActiveCfg = Release|Any CPU
		{AA7A8D82-F431-485F-B907-7D62F6F0C6CA}.Release|Any CPU.Build.0 = Release|Any CPU
		{AA7A8D82-F431-485F-B907-7D62F6F0C6CA}.Release|x64.ActiveCfg = Release|Any CPU
		{AA7A8D82-F431-485F-B907-7D62F6F0C6CA}.Release|x64.Build.0 = Release|Any CPU
		{AA7A8D82-F431-485F-B907-7D62F6F0C6CA}.Release|x86.ActiveCfg = Release|Any CPU
		{AA7A8D82-F431-485F-B907-7D62F6F0C6CA}.Release|x86.Build.0 = Release|Any CPU
	EndGlobalSection
	GlobalSection(SolutionProperties) = preSolution
		HideSolutionNode = FALSE
	EndGlobalSection
	GlobalSection(NestedProjects) = preSolution
		{C3C6F9F6-4B0B-4219-AC86-39B3715340B2} = {827E0CD3-B72D-47B6-A68D-7590B98EB39B}
		{D816D5AB-1929-49A6-8A2B-F51F76E643A4} = {827E0CD3-B72D-47B6-A68D-7590B98EB39B}
		{136E3745-48C4-480E-BD37-395D4DB83C1B} = {827E0CD3-B72D-47B6-A68D-7590B98EB39B}
		{93DF9B32-FFA2-407D-81B2-3025188A5005} = {827E0CD3-B72D-47B6-A68D-7590B98EB39B}
		{2FA38E1A-D879-431E-A362-38B0ED6F4FDF} = {827E0CD3-B72D-47B6-A68D-7590B98EB39B}
		{D1CC7130-823E-4363-B6EF-3D44A37BCAE4} = {827E0CD3-B72D-47B6-A68D-7590B98EB39B}
		{543A5D22-220C-42FB-B29D-1B71C47696DD} = {827E0CD3-B72D-47B6-A68D-7590B98EB39B}
		{F2F4DB43-8776-4BCD-B31C-4726CE5D747F} = {827E0CD3-B72D-47B6-A68D-7590B98EB39B}
		{757E44F2-C7C7-4D55-8D17-D3662CA33B93} = {827E0CD3-B72D-47B6-A68D-7590B98EB39B}
		{AA7A8D82-F431-485F-B907-7D62F6F0C6CA} = {827E0CD3-B72D-47B6-A68D-7590B98EB39B}
	EndGlobalSection
EndGlobal
